
Microsoft Visual Studio Solution File, Format Version 12.00
# Visual Studio 15
VisualStudioVersion = 15.0.28307.271
MinimumVisualStudioVersion = 10.0.40219.1
Project("{FAE04EC0-301F-11D3-BF4B-00C04F79EFBC}") = "KioskFINALFINAL", "KioskFINALFINAL\KioskFINALFINAL.csproj", "{CEF76E8C-9059-4848-AAA3-BA046F05BE6A}"
EndProject
Global
	GlobalSection(SolutionConfigurationPlatforms) = preSolution
		Debug|Any CPU = Debug|Any CPU
		Release|Any CPU = Release|Any CPU
	EndGlobalSection
	GlobalSection(ProjectConfigurationPlatforms) = postSolution
		{CEF76E8C-9059-4848-AAA3-BA046F05BE6A}.Debug|Any CPU.ActiveCfg = Debug|Any CPU
		{CEF76E8C-9059-4848-AAA3-BA046F05BE6A}.Debug|Any CPU.Build.0 = Debug|Any CPU
		{CEF76E8C-9059-4848-AAA3-BA046F05BE6A}.Release|Any CPU.ActiveCfg = Release|Any CPU
		{CEF76E8C-9059-4848-AAA3-BA046F05BE6A}.Release|Any CPU.Build.0 = Release|Any CPU
	EndGlobalSection
	GlobalSection(SolutionProperties) = preSolution
		HideSolutionNode = FALSE
	EndGlobalSection
	GlobalSection(ExtensibilityGlobals) = postSolution
		SolutionGuid = {1356A67D-9608-44D3-AE81-99152E13D7D1}
	EndGlobalSection
EndGlobal
